// !$*UTF8*$!
{
	archiveVersion = 1;
	classes = {
	};
	objectVersion = 46;
	objects = {

/* Begin PBXBuildFile section */
		3A0EAAB01E680F3B0038177B /* main.m in Sources */ = {isa = PBXBuildFile; fileRef = 3A0EAAAF1E680F3B0038177B /* main.m */; };
		3A0EAAB31E680F3B0038177B /* AppDelegate.m in Sources */ = {isa = PBXBuildFile; fileRef = 3A0EAAB21E680F3B0038177B /* AppDelegate.m */; };
		3A0EAAB61E680F3B0038177B /* ViewController.m in Sources */ = {isa = PBXBuildFile; fileRef = 3A0EAAB51E680F3B0038177B /* ViewController.m */; };
		3A0EAAB91E680F3B0038177B /* Main.storyboard in Resources */ = {isa = PBXBuildFile; fileRef = 3A0EAAB71E680F3B0038177B /* Main.storyboard */; };
		3A0EAABB1E680F3B0038177B /* Assets.xcassets in Resources */ = {isa = PBXBuildFile; fileRef = 3A0EAABA1E680F3B0038177B /* Assets.xcassets */; };
		3A0EAABE1E680F3B0038177B /* LaunchScreen.storyboard in Resources */ = {isa = PBXBuildFile; fileRef = 3A0EAABC1E680F3B0038177B /* LaunchScreen.storyboard */; };
		3A0EAAC71E680FE20038177B /* DraggingSortView.m in Sources */ = {isa = PBXBuildFile; fileRef = 3A0EAAC61E680FE20038177B /* DraggingSortView.m */; };
		3A2C8E541E69104000661204 /* UIView+GestureProperty.m in Sources */ = {isa = PBXBuildFile; fileRef = 3A2C8E531E69104000661204 /* UIView+GestureProperty.m */; };
/* End PBXBuildFile section */

/* Begin PBXFileReference section */
		3A0EAAAB1E680F3B0038177B /* DraggingSortDemo.app */ = {isa = PBXFileReference; explicitFileType = wrapper.application; includeInIndex = 0; path = DraggingSortDemo.app; sourceTree = BUILT_PRODUCTS_DIR; };
		3A0EAAAF1E680F3B0038177B /* main.m */ = {isa = PBXFileReference; lastKnownFileType = sourcecode.c.objc; path = main.m; sourceTree = "<group>"; };
		3A0EAAB11E680F3B0038177B /* AppDelegate.h */ = {isa = PBXFileReference; lastKnownFileType = sourcecode.c.h; path = AppDelegate.h; sourceTree = "<group>"; };
		3A0EAAB21E680F3B0038177B /* AppDelegate.m */ = {isa = PBXFileReference; lastKnownFileType = sourcecode.c.objc; path = AppDelegate.m; sourceTree = "<group>"; };
		3A0EAAB41E680F3B0038177B /* ViewController.h */ = {isa = PBXFileReference; lastKnownFileType = sourcecode.c.h; path = ViewController.h; sourceTree = "<group>"; };
		3A0EAAB51E680F3B0038177B /* ViewController.m */ = {isa = PBXFileReference; lastKnownFileType = sourcecode.c.objc; path = ViewController.m; sourceTree = "<group>"; };
		3A0EAAB81E680F3B0038177B /* Base */ = {isa = PBXFileReference; lastKnownFileType = file.storyboard; name = Base; path = Base.lproj/Main.storyboard; sourceTree = "<group>"; };
		3A0EAABA1E680F3B0038177B /* Assets.xcassets */ = {isa = PBXFileReference; lastKnownFileType = folder.assetcatalog; path = Assets.xcassets; sourceTree = "<group>"; };
		3A0EAABD1E680F3B0038177B /* Base */ = {isa = PBXFileReference; lastKnownFileType = file.storyboard; name = Base; path = Base.lproj/LaunchScreen.storyboard; sourceTree = "<group>"; };
		3A0EAABF1E680F3B0038177B /* Info.plist */ = {isa = PBXFileReference; lastKnownFileType = text.plist.xml; path = Info.plist; sourceTree = "<group>"; };
		3A0EAAC51E680FE20038177B /* DraggingSortView.h */ = {isa = PBXFileReference; fileEncoding = 4; lastKnownFileType = sourcecode.c.h; path = DraggingSortView.h; sourceTree = "<group>"; };
		3A0EAAC61E680FE20038177B /* DraggingSortView.m */ = {isa = PBXFileReference; fileEncoding = 4; lastKnownFileType = sourcecode.c.objc; path = DraggingSortView.m; sourceTree = "<group>"; };
		3A2C8E521E69104000661204 /* UIView+GestureProperty.h */ = {isa = PBXFileReference; fileEncoding = 4; lastKnownFileType = sourcecode.c.h; path = "UIView+GestureProperty.h"; sourceTree = "<group>"; };
		3A2C8E531E69104000661204 /* UIView+GestureProperty.m */ = {isa = PBXFileReference; fileEncoding = 4; lastKnownFileType = sourcecode.c.objc; path = "UIView+GestureProperty.m"; sourceTree = "<group>"; };
/* End PBXFileReference section */

/* Begin PBXFrameworksBuildPhase section */
		3A0EAAA81E680F3B0038177B /* Frameworks */ = {
			isa = PBXFrameworksBuildPhase;
			buildActionMask = 2147483647;
			files = (
			);
			runOnlyForDeploymentPostprocessing = 0;
		};
/* End PBXFrameworksBuildPhase section */

/* Begin PBXGroup section */
		3A0EAAA21E680F3B0038177B = {
			isa = PBXGroup;
			children = (
				3A0EAAAD1E680F3B0038177B /* DraggingSortDemo */,
				3A0EAAAC1E680F3B0038177B /* Products */,
			);
			sourceTree = "<group>";
		};
		3A0EAAAC1E680F3B0038177B /* Products */ = {
			isa = PBXGroup;
			children = (
				3A0EAAAB1E680F3B0038177B /* DraggingSortDemo.app */,
			);
			name = Products;
			sourceTree = "<group>";
		};
		3A0EAAAD1E680F3B0038177B /* DraggingSortDemo */ = {
			isa = PBXGroup;
			children = (
				3A0EAAB11E680F3B0038177B /* AppDelegate.h */,
				3A0EAAB21E680F3B0038177B /* AppDelegate.m */,
				3A0EAAB41E680F3B0038177B /* ViewController.h */,
				3A0EAAB51E680F3B0038177B /* ViewController.m */,
				3A0EAAC51E680FE20038177B /* DraggingSortView.h */,
				3A0EAAC61E680FE20038177B /* DraggingSortView.m */,
				3A2C8E521E69104000661204 /* UIView+GestureProperty.h */,
				3A2C8E531E69104000661204 /* UIView+GestureProperty.m */,
				3A0EAAB71E680F3B0038177B /* Main.storyboard */,
				3A0EAABA1E680F3B0038177B /* Assets.xcassets */,
				3A0EAABC1E680F3B0038177B /* LaunchScreen.storyboard */,
				3A0EAABF1E680F3B0038177B /* Info.plist */,
				3A0EAAAE1E680F3B0038177B /* Supporting Files */,
			);
			path = DraggingSortDemo;
			sourceTree = "<group>";
		};
		3A0EAAAE1E680F3B0038177B /* Supporting Files */ = {
			isa = PBXGroup;
			children = (
				3A0EAAAF1E680F3B0038177B /* main.m */,
			);
			name = "Supporting Files";
			sourceTree = "<group>";
		};
/* End PBXGroup section */

/* Begin PBXNativeTarget section */
		3A0EAAAA1E680F3B0038177B /* DraggingSortDemo */ = {
			isa = PBXNativeTarget;
			buildConfigurationList = 3A0EAAC21E680F3B0038177B /* Build configuration list for PBXNativeTarget "DraggingSortDemo" */;
			buildPhases = (
				3A0EAAA71E680F3B0038177B /* Sources */,
				3A0EAAA81E680F3B0038177B /* Frameworks */,
				3A0EAAA91E680F3B0038177B /* Resources */,
			);
			buildRules = (
			);
			dependencies = (
			);
			name = DraggingSortDemo;
			productName = DraggingSortDemo;
			productReference = 3A0EAAAB1E680F3B0038177B /* DraggingSortDemo.app */;
			productType = "com.apple.product-type.application";
		};
/* End PBXNativeTarget section */

/* Begin PBXProject section */
		3A0EAAA31E680F3B0038177B /* Project object */ = {
			isa = PBXProject;
			attributes = {
				LastUpgradeCheck = 0810;
				ORGANIZATIONNAME = "Yioks-Mac";
				TargetAttributes = {
					3A0EAAAA1E680F3B0038177B = {
						CreatedOnToolsVersion = 8.1;
						DevelopmentTeam = YJRKEB8VKU;
						ProvisioningStyle = Automatic;
					};
				};
			};
			buildConfigurationList = 3A0EAAA61E680F3B0038177B /* Build configuration list for PBXProject "DraggingSortDemo" */;
			compatibilityVersion = "Xcode 3.2";
			developmentRegion = English;
			hasScannedForEncodings = 0;
			knownRegions = (
				en,
				Base,
			);
			mainGroup = 3A0EAAA21E680F3B0038177B;
			productRefGroup = 3A0EAAAC1E680F3B0038177B /* Products */;
			projectDirPath = "";
			projectRoot = "";
			targets = (
				3A0EAAAA1E680F3B0038177B /* DraggingSortDemo */,
			);
		};
/* End PBXProject section */

/* Begin PBXResourcesBuildPhase section */
		3A0EAAA91E680F3B0038177B /* Resources */ = {
			isa = PBXResourcesBuildPhase;
			buildActionMask = 2147483647;
			files = (
				3A0EAABE1E680F3B0038177B /* LaunchScreen.storyboard in Resources */,
				3A0EAABB1E680F3B0038177B /* Assets.xcassets in Resources */,
				3A0EAAB91E680F3B0038177B /* Main.storyboard in Resources */,
			);
			runOnlyForDeploymentPostprocessing = 0;
		};
/* End PBXResourcesBuildPhase section */

/* Begin PBXSourcesBuildPhase section */
		3A0EAAA71E680F3B0038177B /* Sources */ = {
			isa = PBXSourcesBuildPhase;
			buildActionMask = 2147483647;
			files = (
				3A0EAAB61E680F3B0038177B /* ViewController.m in Sources */,
				3A2C8E541E69104000661204 /* UIView+GestureProperty.m in Sources */,
				3A0EAAB31E680F3B0038177B /* AppDelegate.m in Sources */,
				3A0EAAB01E680F3B0038177B /* main.m in Sources */,
				3A0EAAC71E680FE20038177B /* DraggingSortView.m in Sources */,
			);
			runOnlyForDeploymentPostprocessing = 0;
		};
/* End PBXSourcesBuildPhase section */

/* Begin PBXVariantGroup section */
		3A0EAAB71E680F3B0038177B /* Main.storyboard */ = {
			isa = PBXVariantGroup;
			children = (
				3A0EAAB81E680F3B0038177B /* Base */,
			);
			name = Main.storyboard;
			sourceTree = "<group>";
		};
		3A0EAABC1E680F3B0038177B /* LaunchScreen.storyboard */ = {
			isa = PBXVariantGroup;
			children = (
				3A0EAABD1E680F3B0038177B /* Base */,
			);
			name = LaunchScreen.storyboard;
			sourceTree = "<group>";
		};
/* End PBXVariantGroup section */

/* Begin XCBuildConfiguration section */
		3A0EAAC01E680F3B0038177B /* Debug */ = {
			isa = XCBuildConfiguration;
			buildSettings = {
				ALWAYS_SEARCH_USER_PATHS = NO;
				CLANG_ANALYZER_NONNULL = YES;
				CLANG_CXX_LANGUAGE_STANDARD = "gnu++0x";
				CLANG_CXX_LIBRARY = "libc++";
				CLANG_ENABLE_MODULES = YES;
				CLANG_ENABLE_OBJC_ARC = YES;
				CLANG_WARN_BOOL_CONVERSION = YES;
				CLANG_WARN_CONSTANT_CONVERSION = YES;
				CLANG_WARN_DIRECT_OBJC_ISA_USAGE = YES_ERROR;
				CLANG_WARN_DOCUMENTATION_COMMENTS = YES;
				CLANG_WARN_EMPTY_BODY = YES;
				CLANG_WARN_ENUM_CONVERSION = YES;
				CLANG_WARN_INFINITE_RECURSION = YES;
				CLANG_WARN_INT_CONVERSION = YES;
				CLANG_WARN_OBJC_ROOT_CLASS = YES_ERROR;
				CLANG_WARN_SUSPICIOUS_MOVES = YES;
				CLANG_WARN_UNREACHABLE_CODE = YES;
				CLANG_WARN__DUPLICATE_METHOD_MATCH = YES;
				"CODE_SIGN_IDENTITY[sdk=iphoneos*]" = "iPhone Developer";
				COPY_PHASE_STRIP = NO;
				DEBUG_INFORMATION_FORMAT = dwarf;
				ENABLE_STRICT_OBJC_MSGSEND = YES;
				ENABLE_TESTABILITY = YES;
				GCC_C_LANGUAGE_STANDARD = gnu99;
				GCC_DYNAMIC_NO_PIC = NO;
				GCC_NO_COMMON_BLOCKS = YES;
				GCC_OPTIMIZATION_LEVEL = 0;
				GCC_PREPROCESSOR_DEFINITIONS = (
					"DEBUG=1",
					"$(inherited)",
				);
				GCC_WARN_64_TO_32_BIT_CONVERSION = YES;
				GCC_WARN_ABOUT_RETURN_TYPE = YES_ERROR;
				GCC_WARN_UNDECLARED_SELECTOR = YES;
				GCC_WARN_UNINITIALIZED_AUTOS = YES_AGGRESSIVE;
				GCC_WARN_UNUSED_FUNCTION = YES;
				GCC_WARN_UNUSED_VARIABLE = YES;
				IPHONEOS_DEPLOYMENT_TARGET = 10.1;
				MTL_ENABLE_DEBUG_INFO = YES;
				ONLY_ACTIVE_ARCH = YES;
				SDKROOT = iphoneos;
				TARGETED_DEVICE_FAMILY = "1,2";
			};
			name = Debug;
		};
		3A0EAAC11E680F3B0038177B /* Release */ = {
			isa = XCBuildConfiguration;
			buildSettings = {
				ALWAYS_SEARCH_USER_PATHS = NO;
				CLANG_ANALYZER_NONNULL = YES;
				CLANG_CXX_LANGUAGE_STANDARD = "gnu++0x";
				CLANG_CXX_LIBRARY = "libc++";
				CLANG_ENABLE_MODULES = YES;
				CLANG_ENABLE_OBJC_ARC = YES;
				CLANG_WARN_BOOL_CONVERSION = YES;
				CLANG_WARN_CONSTANT_CONVERSION = YES;
				CLANG_WARN_DIRECT_OBJC_ISA_USAGE = YES_ERROR;
				CLANG_WARN_DOCUMENTATION_COMMENTS = YES;
				CLANG_WARN_EMPTY_BODY = YES;
				CLANG_WARN_ENUM_CONVERSION = YES;
				CLANG_WARN_INFINITE_RECURSION = YES;
				CLANG_WARN_INT_CONVERSION = YES;
				CLANG_WARN_OBJC_ROOT_CLASS = YES_ERROR;
				CLANG_WARN_SUSPICIOUS_MOVES = YES;
				CLANG_WARN_UNREACHABLE_CODE = YES;
				CLANG_WARN__DUPLICATE_METHOD_MATCH = YES;
				"CODE_SIGN_IDENTITY[sdk=iphoneos*]" = "iPhone Developer";
				COPY_PHASE_STRIP = NO;
				DEBUG_INFORMATION_FORMAT = "dwarf-with-dsym";
				ENABLE_NS_ASSERTIONS = NO;
				ENABLE_STRICT_OBJC_MSGSEND = YES;
				GCC_C_LANGUAGE_STANDARD = gnu99;
				GCC_NO_COMMON_BLOCKS = YES;
				GCC_WARN_64_TO_32_BIT_CONVERSION = YES;
				GCC_WARN_ABOUT_RETURN_TYPE = YES_ERROR;
				GCC_WARN_UNDECLARED_SELECTOR = YES;
				GCC_WARN_UNINITIALIZED_AUTOS = YES_AGGRESSIVE;
				GCC_WARN_UNUSED_FUNCTION = YES;
				GCC_WARN_UNUSED_VARIABLE = YES;
				IPHONEOS_DEPLOYMENT_TARGET = 10.1;
				MTL_ENABLE_DEBUG_INFO = NO;
				SDKROOT = iphoneos;
				TARGETED_DEVICE_FAMILY = "1,2";
				VALIDATE_PRODUCT = YES;
			};
			name = Release;
		};
		3A0EAAC31E680F3B0038177B /* Debug */ = {
			isa = XCBuildConfiguration;
			buildSettings = {
				ASSETCATALOG_COMPILER_APPICON_NAME = AppIcon;
				DEVELOPMENT_TEAM = YJRKEB8VKU;
				INFOPLIST_FILE = DraggingSortDemo/Info.plist;
				LD_RUNPATH_SEARCH_PATHS = "$(inherited) @executable_path/Frameworks";
				PRODUCT_BUNDLE_IDENTIFIER = com.Yioks.DraggingSortDemo;
				PRODUCT_NAME = "$(TARGET_NAME)";
			};
			name = Debug;
		};
		3A0EAAC41E680F3B0038177B /* Release */ = {
			isa = XCBuildConfiguration;
			buildSettings = {
				ASSETCATALOG_COMPILER_APPICON_NAME = AppIcon;
				DEVELOPMENT_TEAM = YJRKEB8VKU;
				INFOPLIST_FILE = DraggingSortDemo/Info.plist;
				LD_RUNPATH_SEARCH_PATHS = "$(inherited) @executable_path/Frameworks";
				PRODUCT_BUNDLE_IDENTIFIER = com.Yioks.DraggingSortDemo;
				PRODUCT_NAME = "$(TARGET_NAME)";
			};
			name = Release;
		};
/* End XCBuildConfiguration section */

/* Begin XCConfigurationList section */
		3A0EAAA61E680F3B0038177B /* Build configuration list for PBXProject "DraggingSortDemo" */ = {
			isa = XCConfigurationList;
			buildConfigurations = (
				3A0EAAC01E680F3B0038177B /* Debug */,
				3A0EAAC11E680F3B0038177B /* Release */,
			);
			defaultConfigurationIsVisible = 0;
			defaultConfigurationName = Release;
		};
		3A0EAAC21E680F3B0038177B /* Build configuration list for PBXNativeTarget "DraggingSortDemo" */ = {
			isa = XCConfigurationList;
			buildConfigurations = (
				3A0EAAC31E680F3B0038177B /* Debug */,
				3A0EAAC41E680F3B0038177B /* Release */,
			);
			defaultConfigurationIsVisible = 0;
			defaultConfigurationName = Release;
		};
/* End XCConfigurationList section */
	};
	rootObject = 3A0EAAA31E680F3B0038177B /* Project object */;
}
